# This file is automatically @generated by Cargo.
# It is not intended for manual editing.
version = 4

[[package]]
name = "adler2"
version = "2.0.1"
source = "registry+https://github.com/rust-lang/crates.io-index"
checksum = "320119579fcad9c21884f5c4861d16174d0e06250625266f50fe6898340abefa"

[[package]]
name = "aho-corasick"
version = "1.1.4"
source = "registry+https://github.com/rust-lang/crates.io-index"
checksum = "ddd31a130427c27518df266943a5308ed92d4b226cc639f5a8f1002816174301"
dependencies = [
 "memchr",
]

[[package]]
name = "alloc-no-stdlib"
version = "2.0.4"
source = "registry+https://github.com/rust-lang/crates.io-index"
checksum = "cc7bb162ec39d46ab1ca8c77bf72e890535becd1751bb45f64c597edb4c8c6b3"

[[package]]
name = "alloc-stdlib"
version = "0.2.2"
source = "registry+https://github.com/rust-lang/crates.io-index"
checksum = "94fb8275041c72129eb51b7d0322c29b8387a0386127718b096429201a5d6ece"
dependencies = [
 "alloc-no-stdlib",
]

[[package]]
name = "anyhow"
version = "1.0.102"
source = "registry+https://github.com/rust-lang/crates.io-index"
checksum = "7f202df86484c868dbad7eaa557ef785d5c66295e41b460ef922eca0723b842c"

[[package]]
name = "autocfg"
version = "1.5.1"
source = "registry+https://github.com/rust-lang/crates.io-index"
checksum = "f2032f911046de80f0a198e0901378627c33f59ea0ac00e363d481118bd70a53"

[[package]]
name = "base64"
version = "0.23.1"
source = "registry+https://github.com/rust-lang/crates.io-index"
checksum = "ac07cdecf99051d9a5238b80f35af32cdeba5b336e55d957b318b50137e18da5"

[[package]]
name = "bitflags"
version = "2.11.1"
source = "registry+https://github.com/rust-lang/crates.io-index"
checksum = "c4512299f36f043ab09a583e57bceb5a5aab7a73db1805848e8fef3c9e8c78b3"

[[package]]
name = "brotli-decompressor"
version = "5.0.0"
source = "registry+https://github.com/rust-lang/crates.io-index"
checksum = "874bb8112abecc98cbd6d81ea4fa7e94fb9449648c93cc89aa40c81c24d7de03"
dependencies = [
 "alloc-no-stdlib",
 "alloc-stdlib",
]

[[package]]
name = "bytemuck"
version = "1.25.2"
source = "registry+https://github.com/rust-lang/crates.io-index"
checksum = "95832e849adfb21180ccb6826a99da14e5d266ae5c2e668e1602cf234f153797"

[[package]]
name = "byteorder"
version = "1.5.0"
source = "registry+https://github.com/rust-lang/crates.io-index"
checksum = "1fd0f2584146f6f2ef48085050886acf353beff7305ebd1ae69500e27c67f64b"

[[package]]
name = "byteorder-lite"
version = "0.1.0"
source = "registry+https://github.com/rust-lang/crates.io-index"
checksum = "8f1fe948ff07f4bd06c30984e69f5b4899c516a3ef74f34df92a2df2ab535495"

[[package]]
name = "bytes"
version = "1.12.1"
source = "registry+https://github.com/rust-lang/crates.io-index"
checksum = "fc652a48c352aef3ea3aed32080501cf3ef6ed5da78602a020c991775b0aff04"

[[package]]
name = "cc"
version = "1.4.3"
source = "registry+https://github.com/rust-lang/crates.io-index"
checksum = "509591b7bcd67f4ef775afad7662703b4935daaa6ec0e5605cfb1090b32a2b6d"
dependencies = [
 "find-msvc-tools",
 "jobserver",
 "libc",
 "shlex",
]

[[package]]
name = "cfg-if"
version = "1.0.4"
source = "registry+https://github.com/rust-lang/crates.io-index"
checksum = "9330f8b2ff13f34540b44e946ef35111825727b38d33286ef986142615121801"

[[package]]
name = "chacha20"
version = "0.10.0"
source = "registry+https://github.com/rust-lang/crates.io-index"
checksum = "6f8d983286843e49675a4b7a2d174efe136dc93a18d69130dd18198a6c167601"
dependencies = [
 "cfg-if",
 "cpufeatures",
 "rand_core",
]

[[package]]
name = "cpufeatures"
version = "0.3.0"
source = "registry+https://github.com/rust-lang/crates.io-index"
checksum = "8b2a41393f66f16b0823bb79094d54ac5fbd34ab292ddafb9a0456ac9f87d201"
dependencies = [
 "libc",
]

[[package]]
name = "crc32fast"
version = "1.5.0"
source = "registry+https://github.com/rust-lang/crates.io-index"
checksum = "9481c1c90cbf2ac953f07c8d4a58aa3945c425b7185c9154d67a65e4230da511"
dependencies = [
 "cfg-if",
]

[[package]]
name = "crossbeam-deque"
version = "0.8.6"
source = "registry+https://github.com/rust-lang/crates.io-index"
checksum = "9dd111b7b7f7d55b72c0a6ae361660ee5853c9af73f70c3c2ef6858b950e2e51"
dependencies = [
 "crossbeam-epoch",
 "crossbeam-utils",
]

[[package]]
name = "crossbeam-epoch"
version = "0.9.18"
source = "registry+https://github.com/rust-lang/crates.io-index"
checksum = "5b82ac4a3c2ca9c3460964f020e1402edd5753411d7737aa39c3714ad1b5420e"
dependencies = [
 "crossbeam-utils",
]

[[package]]
name = "crossbeam-utils"
version = "0.8.21"
source = "registry+https://github.com/rust-lang/crates.io-index"
checksum = "d0a5c400df2834b80a4c3327b3aad3a4c4cd4de0629063962b03235697506a28"

[[package]]
name = "dcmfx"
version = "0.49.0"
dependencies = [
 "dcmfx_anonymize",
 "dcmfx_character_set",
 "dcmfx_core",
 "dcmfx_json",
 "dcmfx_p10",
 "dcmfx_pixel_data",
 "dcmfx_waveform",
]

[[package]]
name = "dcmfx_anonymize"
version = "0.49.0"
dependencies = [
 "dcmfx_core",
]

[[package]]
name = "dcmfx_character_set"
version = "0.49.0"

[[package]]
name = "dcmfx_core"
version = "0.49.0"
dependencies = [
 "byteorder",
 "bytes",
 "num-traits",
 "owo-colors",
 "rand",
 "regex",
 "supports-color 3.0.2",
 "terminal_size",
 "unicode-segmentation",
]

[[package]]
name = "dcmfx_json"
version = "0.49.0"
dependencies = [
 "base64",
 "byteorder",
 "dcmfx_core",
 "dcmfx_p10",
 "num-traits",
 "serde",
 "serde_json",
]

[[package]]
name = "dcmfx_p10"
version = "0.49.0"
dependencies = [
 "byteorder",
 "bytes",
 "dcmfx_character_set",
 "dcmfx_core",
 "flate2",
 "miniz_oxide 0.9.1",
]

[[package]]
name = "dcmfx_pixel_data"
version = "0.49.0"
dependencies = [
 "bytemuck",
 "byteorder",
 "cc",
 "dcmfx_core",
 "dcmfx_p10",
 "flate2",
 "glob",
 "image",
 "jpeg-decoder",
 "jpeg-encoder",
 "jxl-oxide",
 "miniz_oxide 0.9.1",
 "num-traits",
 "wasm32-unknown-unknown-openbsd-libc",
 "zune-core",
 "zune-jpeg",
]

[[package]]
name = "dcmfx_waveform"
version = "0.49.0"
dependencies = [
 "dcmfx_core",
 "dcmfx_p10",
]

[[package]]
name = "dicom_anonymize"
version = "0.0.0"
dependencies = [
 "dcmfx",
]

[[package]]
name = "dicom_json_read"
version = "0.0.0"
dependencies = [
 "dcmfx",
]

[[package]]
name = "dicom_json_write"
version = "0.0.0"
dependencies = [
 "dcmfx",
]

[[package]]
name = "dicom_read"
version = "0.0.0"
dependencies = [
 "dcmfx",
]

[[package]]
name = "dicom_read_pixel_data"
version = "0.0.0"
dependencies = [
 "dcmfx",
 "image",
]

[[package]]
name = "dicom_stream"
version = "0.0.0"
dependencies = [
 "dcmfx",
]

[[package]]
name = "dicom_write"
version = "0.0.0"
dependencies = [
 "dcmfx",
]

[[package]]
name = "either"
version = "1.15.0"
source = "registry+https://github.com/rust-lang/crates.io-index"
checksum = "48c757948c5ede0e46177b7add2e67155f70e33c07fea8284df6576da70b3719"

[[package]]
name = "equivalent"
version = "1.0.2"
source = "registry+https://github.com/rust-lang/crates.io-index"
checksum = "877a4ace8713b0bcf2a4e7eec82529c029f1d0619886d18145fea96c3ffe5c0f"

[[package]]
name = "errno"
version = "0.3.14"
source = "registry+https://github.com/rust-lang/crates.io-index"
checksum = "39cab71617ae0d63f51a36d69f866391735b51691dbda63cf6f96d042b63efeb"
dependencies = [
 "libc",
 "windows-sys",
]

[[package]]
name = "fdeflate"
version = "0.3.7"
source = "registry+https://github.com/rust-lang/crates.io-index"
checksum = "1e6853b52649d4ac5c0bd02320cddc5ba956bdb407c4b75a2c6b75bf51500f8c"
dependencies = [
 "simd-adler32",
]

[[package]]
name = "find-msvc-tools"
version = "0.1.11"
source = "registry+https://github.com/rust-lang/crates.io-index"
checksum = "d45db016d36b838f563236e9193d0ee6ce38f3f68b6c94e914b4929c96bbb890"

[[package]]
name = "flate2"
version = "1.1.9"
source = "registry+https://github.com/rust-lang/crates.io-index"
checksum = "843fba2746e448b37e26a819579957415c8cef339bf08564fe8b7ddbd959573c"
dependencies = [
 "crc32fast",
 "miniz_oxide 0.8.9",
]

[[package]]
name = "foldhash"
version = "0.1.5"
source = "registry+https://github.com/rust-lang/crates.io-index"
checksum = "d9c4f5dac5e15c24eb999c26181a6ca40b39fe946cbe4c263c7209467bc83af2"

[[package]]
name = "getrandom"
version = "0.3.4"
source = "registry+https://github.com/rust-lang/crates.io-index"
checksum = "899def5c37c4fd7b2664648c28120ecec138e4d395b459e5ca34f9cce2dd77fd"
dependencies = [
 "cfg-if",
 "libc",
 "r-efi 5.3.0",
 "wasip2",
]

[[package]]
name = "getrandom"
version = "0.4.2"
source = "registry+https://github.com/rust-lang/crates.io-index"
checksum = "0de51e6874e94e7bf76d726fc5d13ba782deca734ff60d5bb2fb2607c7406555"
dependencies = [
 "cfg-if",
 "libc",
 "r-efi 6.0.0",
 "rand_core",
 "wasip2",
 "wasip3",
]

[[package]]
name = "glob"
version = "0.3.4"
source = "registry+https://github.com/rust-lang/crates.io-index"
checksum = "e4eba85ea1d0a966a983acd07deee566e67395d2d96b6fb39e62b5a833f1eb0b"

[[package]]
name = "hashbrown"
version = "0.15.5"
source = "registry+https://github.com/rust-lang/crates.io-index"
checksum = "9229cfe53dfd69f0609a49f65461bd93001ea1ef889cd5529dd176593f5338a1"
dependencies = [
 "foldhash",
]

[[package]]
name = "hashbrown"
version = "0.17.0"
source = "registry+https://github.com/rust-lang/crates.io-index"
checksum = "4f467dd6dccf739c208452f8014c75c18bb8301b050ad1cfb27153803edb0f51"

[[package]]
name = "heck"
version = "0.5.0"
source = "registry+https://github.com/rust-lang/crates.io-index"
checksum = "2304e00983f87ffb38b55b444b5e3b60a884b5d30c0fca7d82fe33449bbe55ea"

[[package]]
name = "hermit-abi"
version = "0.5.2"
source = "registry+https://github.com/rust-lang/crates.io-index"
checksum = "fc0fef456e4baa96da950455cd02c081ca953b141298e41db3fc7e36b1da849c"

[[package]]
name = "id-arena"
version = "2.3.0"
source = "registry+https://github.com/rust-lang/crates.io-index"
checksum = "3d3067d79b975e8844ca9eb072e16b31c3c1c36928edf9c6789548c524d0d954"

[[package]]
name = "image"
version = "0.25.10"
source = "registry+https://github.com/rust-lang/crates.io-index"
checksum = "85ab80394333c02fe689eaf900ab500fbd0c2213da414687ebf995a65d5a6104"
dependencies = [
 "bytemuck",
 "byteorder-lite",
 "moxcms",
 "num-traits",
 "png",
 "zune-core",
 "zune-jpeg",
]

[[package]]
name = "indexmap"
version = "2.14.0"
source = "registry+https://github.com/rust-lang/crates.io-index"
checksum = "d466e9454f08e4a911e14806c24e16fba1b4c121d1ea474396f396069cf949d9"
dependencies = [
 "equivalent",
 "hashbrown 0.17.0",
 "serde",
 "serde_core",
]

[[package]]
name = "is-terminal"
version = "0.4.17"
source = "registry+https://github.com/rust-lang/crates.io-index"
checksum = "3640c1c38b8e4e43584d8df18be5fc6b0aa314ce6ebf51b53313d4306cca8e46"
dependencies = [
 "hermit-abi",
 "libc",
 "windows-sys",
]

[[package]]
name = "is_ci"
version = "1.2.0"
source = "registry+https://github.com/rust-lang/crates.io-index"
checksum = "7655c9839580ee829dfacba1d1278c2b7883e50a277ff7541299489d6bdfdc45"

[[package]]
name = "itoa"
version = "1.0.17"
source = "registry+https://github.com/rust-lang/crates.io-index"
checksum = "92ecc6618181def0457392ccd0ee51198e065e016d1d527a7ac1b6dc7c1f09d2"

[[package]]
name = "jobserver"
version = "0.1.34"
source = "registry+https://github.com/rust-lang/crates.io-index"
checksum = "9afb3de4395d6b3e67a780b6de64b51c978ecf11cb9a462c66be7d4ca9039d33"
dependencies = [
 "getrandom 0.3.4",
 "libc",
]

[[package]]
name = "jpeg-decoder"
version = "0.3.2"
source = "registry+https://github.com/rust-lang/crates.io-index"
checksum = "00810f1d8b74be64b13dbf3db89ac67740615d6c891f0e7b6179326533011a07"
dependencies = [
 "rayon",
]

[[package]]
name = "jpeg-encoder"
version = "0.7.1"
source = "registry+https://github.com/rust-lang/crates.io-index"
checksum = "a0370574b86f7eca156b9f298392b5e69a23f8c86f3f865add60bbc2e79467a6"

[[package]]
name = "jxl-bitstream"
version = "1.1.0"
source = "registry+https://github.com/rust-lang/crates.io-index"
checksum = "b480e752277e29eb4054f69546887a9b84656fe78c08f54ba5850ced98a378fe"
dependencies = [
 "tracing",
]

[[package]]
name = "jxl-coding"
version = "1.0.1"
source = "registry+https://github.com/rust-lang/crates.io-index"
checksum = "cd972bcd125e776f1eb241ac50e39f956095a1c2770c64736c968f8946bd9a3c"
dependencies = [
 "jxl-bitstream",
 "tracing",
]

[[package]]
name = "jxl-color"
version = "0.11.0"
source = "registry+https://github.com/rust-lang/crates.io-index"
checksum = "f316b1358c1711755b3ee8e8cb5c4a1dad12e796233088a7a513440782de80b2"
dependencies = [
 "jxl-bitstream",
 "jxl-coding",
 "jxl-grid",
 "jxl-image",
 "jxl-oxide-common",
 "jxl-threadpool",
 "tracing",
]

[[package]]
name = "jxl-frame"
version = "0.13.3"
source = "registry+https://github.com/rust-lang/crates.io-index"
checksum = "2d967c6fd669c7c01060b5022d8835fa82fd46b06ffc98b549f17600a097c2b3"
dependencies = [
 "jxl-bitstream",
 "jxl-coding",
 "jxl-grid",
 "jxl-image",
 "jxl-modular",
 "jxl-oxide-common",
 "jxl-threadpool",
 "jxl-vardct",
 "tracing",
]

[[package]]
name = "jxl-grid"
version = "0.6.2"
source = "registry+https://github.com/rust-lang/crates.io-index"
checksum = "01671307879a033bfa52e6e8784b941aca770b3f3a7d33830b455b6844f793fb"
dependencies = [
 "tracing",
]

[[package]]
name = "jxl-image"
version = "0.13.0"
source = "registry+https://github.com/rust-lang/crates.io-index"
checksum = "c5f752d62577c702a94dbbce4045caf08cb58639e8a4d56464b40ecf33ffe565"
dependencies = [
 "jxl-bitstream",
 "jxl-grid",
 "jxl-oxide-common",
 "tracing",
]

[[package]]
name = "jxl-jbr"
version = "0.2.1"
source = "registry+https://github.com/rust-lang/crates.io-index"
checksum = "e35d032bcec660647828527ff42c6f5776d2fd44b8357f9f6d9ac6dc07218e46"
dependencies = [
 "brotli-decompressor",
 "jxl-bitstream",
 "jxl-frame",
 "jxl-grid",
 "jxl-image",
 "jxl-modular",
 "jxl-oxide-common",
 "jxl-threadpool",
 "jxl-vardct",
 "tracing",
]

[[package]]
name = "jxl-modular"
version = "0.11.3"
source = "registry+https://github.com/rust-lang/crates.io-index"
checksum = "2a2f045b24c738dd91d482be385512b512721ae08a671bd4b27bf1c47f215235"
dependencies = [
 "jxl-bitstream",
 "jxl-coding",
 "jxl-grid",
 "jxl-oxide-common",
 "jxl-threadpool",
 "tracing",
]

[[package]]
name = "jxl-oxide"
version = "0.12.6"
source = "registry+https://github.com/rust-lang/crates.io-index"
checksum = "d36c662923f47586880211f3bc7c0d83fb3a9b410d278c7bde93450748abeef3"
dependencies = [
 "brotli-decompressor",
 "jxl-bitstream",
 "jxl-color",
 "jxl-frame",
 "jxl-grid",
 "jxl-image",
 "jxl-jbr",
 "jxl-oxide-common",
 "jxl-render",
 "jxl-threadpool",
 "tracing",
]

[[package]]
name = "jxl-oxide-common"
version = "1.0.0"
source = "registry+https://github.com/rust-lang/crates.io-index"
checksum = "b62394c5021b3a9e7e0dbb2d639d555d019090c9946c39f6d3b09d390db4157b"
dependencies = [
 "jxl-bitstream",
]

[[package]]
name = "jxl-render"
version = "0.12.4"
source = "registry+https://github.com/rust-lang/crates.io-index"
checksum = "d34386bfdb6a19b5a30cc9beb4d475d537422c31ae8c39bb69640fcce3fcaf19"
dependencies = [
 "bytemuck",
 "jxl-bitstream",
 "jxl-coding",
 "jxl-color",
 "jxl-frame",
 "jxl-grid",
 "jxl-image",
 "jxl-modular",
 "jxl-oxide-common",
 "jxl-threadpool",
 "jxl-vardct",
 "tracing",
]

[[package]]
name = "jxl-threadpool"
version = "1.0.0"
source = "registry+https://github.com/rust-lang/crates.io-index"
checksum = "25f15eb830aa77a7f21148d72e153562a26bfe570139bd4922eab1908dd499d3"
dependencies = [
 "rayon",
 "rayon-core",
 "tracing",
]

[[package]]
name = "jxl-vardct"
version = "0.11.1"
source = "registry+https://github.com/rust-lang/crates.io-index"
checksum = "ce72a18c6d3a47172ab6c479be2bdb56f22066b5d7092663f03b4490820b4511"
dependencies = [
 "jxl-bitstream",
 "jxl-coding",
 "jxl-grid",
 "jxl-modular",
 "jxl-oxide-common",
 "jxl-threadpool",
 "tracing",
]

[[package]]
name = "leb128fmt"
version = "0.1.0"
source = "registry+https://github.com/rust-lang/crates.io-index"
checksum = "09edd9e8b54e49e587e4f6295a7d29c3ea94d469cb40ab8ca70b288248a81db2"

[[package]]
name = "libc"
version = "0.2.183"
source = "registry+https://github.com/rust-lang/crates.io-index"
checksum = "b5b646652bf6661599e1da8901b3b9522896f01e736bad5f723fe7a3a27f899d"

[[package]]
name = "linux-raw-sys"
version = "0.12.1"
source = "registry+https://github.com/rust-lang/crates.io-index"
checksum = "32a66949e030da00e8c7d4434b251670a91556f4144941d37452769c25d58a53"

[[package]]
name = "log"
version = "0.4.29"
source = "registry+https://github.com/rust-lang/crates.io-index"
checksum = "5e5032e24019045c762d3c0f28f5b6b8bbf38563a65908389bf7978758920897"

[[package]]
name = "memchr"
version = "2.8.0"
source = "registry+https://github.com/rust-lang/crates.io-index"
checksum = "f8ca58f447f06ed17d5fc4043ce1b10dd205e060fb3ce5b979b8ed8e59ff3f79"

[[package]]
name = "miniz_oxide"
version = "0.8.9"
source = "registry+https://github.com/rust-lang/crates.io-index"
checksum = "1fa76a2c86f704bdb222d66965fb3d63269ce38518b83cb0575fca855ebb6316"
dependencies = [
 "adler2",
 "simd-adler32",
]

[[package]]
name = "miniz_oxide"
version = "0.9.1"
source = "registry+https://github.com/rust-lang/crates.io-index"
checksum = "b63fbc4a50860e98e7b2aa7804ded1db5cbc3aff9193adaff57a6931bf7c4b4c"
dependencies = [
 "adler2",
]

[[package]]
name = "moxcms"
version = "0.8.1"
source = "registry+https://github.com/rust-lang/crates.io-index"
checksum = "bb85c154ba489f01b25c0d36ae69a87e4a1c73a72631fc6c0eb6dde34a73e44b"
dependencies = [
 "num-traits",
 "pxfm",
]

[[package]]
name = "num-traits"
version = "0.2.19"
source = "registry+https://github.com/rust-lang/crates.io-index"
checksum = "071dfc062690e90b734c0b2273ce72ad0ffa95f0c74596bc250dcfd960262841"
dependencies = [
 "autocfg",
]

[[package]]
name = "once_cell"
version = "1.21.3"
source = "registry+https://github.com/rust-lang/crates.io-index"
checksum = "42f5e15c9953c5e4ccceeb2e7382a716482c34515315f7b03532b8b4e8393d2d"

[[package]]
name = "owo-colors"
version = "4.3.0"
source = "registry+https://github.com/rust-lang/crates.io-index"
checksum = "d211803b9b6b570f68772237e415a029d5a50c65d382910b879fb19d3271f94d"
dependencies = [
 "supports-color 2.1.0",
 "supports-color 3.0.2",
]

[[package]]
name = "pin-project-lite"
version = "0.2.17"
source = "registry+https://github.com/rust-lang/crates.io-index"
checksum = "a89322df9ebe1c1578d689c92318e070967d1042b512afbe49518723f4e6d5cd"

[[package]]
name = "png"
version = "0.18.1"
source = "registry+https://github.com/rust-lang/crates.io-index"
checksum = "60769b8b31b2a9f263dae2776c37b1b28ae246943cf719eb6946a1db05128a61"
dependencies = [
 "bitflags",
 "crc32fast",
 "fdeflate",
 "flate2",
 "miniz_oxide 0.8.9",
]

[[package]]
name = "prettyplease"
version = "0.2.37"
source = "registry+https://github.com/rust-lang/crates.io-index"
checksum = "479ca8adacdd7ce8f1fb39ce9ecccbfe93a3f1344b3d0d97f20bc0196208f62b"
dependencies = [
 "proc-macro2",
 "syn 2.0.117",
]

[[package]]
name = "proc-macro2"
version = "1.0.106"
source = "registry+https://github.com/rust-lang/crates.io-index"
checksum = "8fd00f0bb2e90d81d1044c2b32617f68fcb9fa3bb7640c23e9c748e53fb30934"
dependencies = [
 "unicode-ident",
]

[[package]]
name = "pxfm"
version = "0.1.29"
source = "registry+https://github.com/rust-lang/crates.io-index"
checksum = "e0c5ccf5294c6ccd63a74f1565028353830a9c2f5eb0c682c355c471726a6e3f"

[[package]]
name = "quote"
version = "1.0.45"
source = "registry+https://github.com/rust-lang/crates.io-index"
checksum = "41f2619966050689382d2b44f664f4bc593e129785a36d6ee376ddf37259b924"
dependencies = [
 "proc-macro2",
]

[[package]]
name = "r-efi"
version = "5.3.0"
source = "registry+https://github.com/rust-lang/crates.io-index"
checksum = "69cdb34c158ceb288df11e18b4bd39de994f6657d83847bdffdbd7f346754b0f"

[[package]]
name = "r-efi"
version = "6.0.0"
source = "registry+https://github.com/rust-lang/crates.io-index"
checksum = "f8dcc9c7d52a811697d2151c701e0d08956f92b0e24136cf4cf27b57a6a0d9bf"

[[package]]
name = "rand"
version = "0.10.2"
source = "registry+https://github.com/rust-lang/crates.io-index"
checksum = "c7f5fa3a058cd35567ef9bfa5e75732bee0f9e4c55fa90477bef2dfcdbc4be80"
dependencies = [
 "chacha20",
 "getrandom 0.4.2",
 "rand_core",
]

[[package]]
name = "rand_core"
version = "0.10.1"
source = "registry+https://github.com/rust-lang/crates.io-index"
checksum = "63b8176103e19a2643978565ca18b50549f6101881c443590420e4dc998a3c69"

[[package]]
name = "rayon"
version = "1.11.0"
source = "registry+https://github.com/rust-lang/crates.io-index"
checksum = "368f01d005bf8fd9b1206fb6fa653e6c4a81ceb1466406b81792d87c5677a58f"
dependencies = [
 "either",
 "rayon-core",
]

[[package]]
name = "rayon-core"
version = "1.13.0"
source = "registry+https://github.com/rust-lang/crates.io-index"
checksum = "22e18b0f0062d30d4230b2e85ff77fdfe4326feb054b9783a3460d8435c8ab91"
dependencies = [
 "crossbeam-deque",
 "crossbeam-utils",
]

[[package]]
name = "regex"
version = "1.13.1"
source = "registry+https://github.com/rust-lang/crates.io-index"
checksum = "f020237b6c8eed93db2e2cb53c00c60a8e1bc73da7d073199a1180401450218d"
dependencies = [
 "aho-corasick",
 "memchr",
 "regex-automata",
 "regex-syntax",
]

[[package]]
name = "regex-automata"
version = "0.4.18"
source = "registry+https://github.com/rust-lang/crates.io-index"
checksum = "ad8553b9b26413251cbf30e620595c7a41b3887f03da04579c0e6b0d6a06b4b2"
dependencies = [
 "aho-corasick",
 "memchr",
 "regex-syntax",
]

[[package]]
name = "regex-syntax"
version = "0.8.11"
source = "registry+https://github.com/rust-lang/crates.io-index"
checksum = "d6f6ff9a378485b298a5286656da665ba74413d36db0979633275d2e708145d4"

[[package]]
name = "rustix"
version = "1.1.4"
source = "registry+https://github.com/rust-lang/crates.io-index"
checksum = "b6fe4565b9518b83ef4f91bb47ce29620ca828bd32cb7e408f0062e9930ba190"
dependencies = [
 "bitflags",
 "errno",
 "libc",
 "linux-raw-sys",
 "windows-sys",
]

[[package]]
name = "semver"
version = "1.0.28"
source = "registry+https://github.com/rust-lang/crates.io-index"
checksum = "8a7852d02fc848982e0c167ef163aaff9cd91dc640ba85e263cb1ce46fae51cd"

[[package]]
name = "serde"
version = "1.0.229"
source = "registry+https://github.com/rust-lang/crates.io-index"
checksum = "4148590afebada386688f18773da617792bf2ef03ffc1e4cbd2b1d45b023e0ba"
dependencies = [
 "serde_core",
 "serde_derive",
]

[[package]]
name = "serde_core"
version = "1.0.229"
source = "registry+https://github.com/rust-lang/crates.io-index"
checksum = "67dca2c9c51e58a4791a4b1ed58308b39c64224d349a935ab5039aa360942a48"
dependencies = [
 "serde_derive",
]

[[package]]
name = "serde_derive"
version = "1.0.229"
source = "registry+https://github.com/rust-lang/crates.io-index"
checksum = "e7a5d71263a5a7d47b41f6b3f06ba276f10cc18b0931f1799f710578e2309348"
dependencies = [
 "proc-macro2",
 "quote",
 "syn 3.0.3",
]

[[package]]
name = "serde_json"
version = "1.0.151"
source = "registry+https://github.com/rust-lang/crates.io-index"
checksum = "c841b55ecdae098c80dcae9cf767f6f8a0c2cdb3416bbef72181df4d0fe73f14"
dependencies = [
 "itoa",
 "memchr",
 "serde",
 "serde_core",
 "zmij",
]

[[package]]
name = "shlex"
version = "2.0.1"
source = "registry+https://github.com/rust-lang/crates.io-index"
checksum = "f8fadd59c855ef2080decdef8ff161eb6661b86933c9d82e5ba29dc602a55aba"

[[package]]
name = "simd-adler32"
version = "0.3.9"
source = "registry+https://github.com/rust-lang/crates.io-index"
checksum = "703d5c7ef118737c72f1af64ad2f6f8c5e1921f818cdcb97b8fe6fc69bf66214"

[[package]]
name = "supports-color"
version = "2.1.0"
source = "registry+https://github.com/rust-lang/crates.io-index"
checksum = "d6398cde53adc3c4557306a96ce67b302968513830a77a95b2b17305d9719a89"
dependencies = [
 "is-terminal",
 "is_ci",
]

[[package]]
name = "supports-color"
version = "3.0.2"
source = "registry+https://github.com/rust-lang/crates.io-index"
checksum = "c64fc7232dd8d2e4ac5ce4ef302b1d81e0b80d055b9d77c7c4f51f6aa4c867d6"
dependencies = [
 "is_ci",
]

[[package]]
name = "syn"
version = "2.0.117"
source = "registry+https://github.com/rust-lang/crates.io-index"
checksum = "e665b8803e7b1d2a727f4023456bbbbe74da67099c585258af0ad9c5013b9b99"
dependencies = [
 "proc-macro2",
 "quote",
 "unicode-ident",
]

[[package]]
name = "syn"
version = "3.0.3"
source = "registry+https://github.com/rust-lang/crates.io-index"
checksum = "53e9bae58849f64dfa4f5d5ae372c8341f7305f82a3868709269343628b659a3"
dependencies = [
 "proc-macro2",
 "quote",
 "unicode-ident",
]

[[package]]
name = "terminal_size"
version = "0.4.4"
source = "registry+https://github.com/rust-lang/crates.io-index"
checksum = "230a1b821ccbd75b185820a1f1ff7b14d21da1e442e22c0863ea5f08771a8874"
dependencies = [
 "rustix",
 "windows-sys",
]

[[package]]
name = "tracing"
version = "0.1.44"
source = "registry+https://github.com/rust-lang/crates.io-index"
checksum = "63e71662fa4b2a2c3a26f570f037eb95bb1f85397f3cd8076caed2f026a6d100"
dependencies = [
 "pin-project-lite",
 "tracing-core",
]

[[package]]
name = "tracing-core"
version = "0.1.36"
source = "registry+https://github.com/rust-lang/crates.io-index"
checksum = "db97caf9d906fbde555dd62fa95ddba9eecfd14cb388e4f491a66d74cd5fb79a"
dependencies = [
 "once_cell",
]

[[package]]
name = "unicode-ident"
version = "1.0.24"
source = "registry+https://github.com/rust-lang/crates.io-index"
checksum = "e6e4313cd5fcd3dad5cafa179702e2b244f760991f45397d14d4ebf38247da75"

[[package]]
name = "unicode-segmentation"
version = "1.13.3"
source = "registry+https://github.com/rust-lang/crates.io-index"
checksum = "c6f5d3c3b1bf09027a88a6bc961fc00497d651009560b5463668dc81b0fa87a8"

[[package]]
name = "unicode-xid"
version = "0.2.6"
source = "registry+https://github.com/rust-lang/crates.io-index"
checksum = "ebc1c04c71510c7f702b52b7c350734c9ff1295c464a03335b00bb84fc54f853"

[[package]]
name = "wasip2"
version = "1.0.2+wasi-0.2.9"
source = "registry+https://github.com/rust-lang/crates.io-index"
checksum = "9517f9239f02c069db75e65f174b3da828fe5f5b945c4dd26bd25d89c03ebcf5"
dependencies = [
 "wit-bindgen",
]

[[package]]
name = "wasip3"
version = "0.4.0+wasi-0.3.0-rc-2026-01-06"
source = "registry+https://github.com/rust-lang/crates.io-index"
checksum = "5428f8bf88ea5ddc08faddef2ac4a67e390b88186c703ce6dbd955e1c145aca5"
dependencies = [
 "wit-bindgen",
]

[[package]]
name = "wasm-encoder"
version = "0.244.0"
source = "registry+https://github.com/rust-lang/crates.io-index"
checksum = "990065f2fe63003fe337b932cfb5e3b80e0b4d0f5ff650e6985b1048f62c8319"
dependencies = [
 "leb128fmt",
 "wasmparser",
]

[[package]]
name = "wasm-metadata"
version = "0.244.0"
source = "registry+https://github.com/rust-lang/crates.io-index"
checksum = "bb0e353e6a2fbdc176932bbaab493762eb1255a7900fe0fea1a2f96c296cc909"
dependencies = [
 "anyhow",
 "indexmap",
 "wasm-encoder",
 "wasmparser",
]

[[package]]
name = "wasm32-unknown-unknown-openbsd-libc"
version = "0.2.0"
source = "registry+https://github.com/rust-lang/crates.io-index"
checksum = "f6abee48844f5d109794276675f8f63c2ecdc21a1b941b45dd346e606fca3a8c"
dependencies = [
 "cc",
]

[[package]]
name = "wasmparser"
version = "0.244.0"
source = "registry+https://github.com/rust-lang/crates.io-index"
checksum = "47b807c72e1bac69382b3a6fb3dbe8ea4c0ed87ff5629b8685ae6b9a611028fe"
dependencies = [
 "bitflags",
 "hashbrown 0.15.5",
 "indexmap",
 "semver",
]

[[package]]
name = "windows-link"
version = "0.2.1"
source = "registry+https://github.com/rust-lang/crates.io-index"
checksum = "f0805222e57f7521d6a62e36fa9163bc891acd422f971defe97d64e70d0a4fe5"

[[package]]
name = "windows-sys"
version = "0.61.2"
source = "registry+https://github.com/rust-lang/crates.io-index"
checksum = "ae137229bcbd6cdf0f7b80a31df61766145077ddf49416a728b02cb3921ff3fc"
dependencies = [
 "windows-link",
]

[[package]]
name = "wit-bindgen"
version = "0.51.0"
source = "registry+https://github.com/rust-lang/crates.io-index"
checksum = "d7249219f66ced02969388cf2bb044a09756a083d0fab1e566056b04d9fbcaa5"
dependencies = [
 "wit-bindgen-rust-macro",
]

[[package]]
name = "wit-bindgen-core"
version = "0.51.0"
source = "registry+https://github.com/rust-lang/crates.io-index"
checksum = "ea61de684c3ea68cb082b7a88508a8b27fcc8b797d738bfc99a82facf1d752dc"
dependencies = [
 "anyhow",
 "heck",
 "wit-parser",
]

[[package]]
name = "wit-bindgen-rust"
version = "0.51.0"
source = "registry+https://github.com/rust-lang/crates.io-index"
checksum = "b7c566e0f4b284dd6561c786d9cb0142da491f46a9fbed79ea69cdad5db17f21"
dependencies = [
 "anyhow",
 "heck",
 "indexmap",
 "prettyplease",
 "syn 2.0.117",
 "wasm-metadata",
 "wit-bindgen-core",
 "wit-component",
]

[[package]]
name = "wit-bindgen-rust-macro"
version = "0.51.0"
source = "registry+https://github.com/rust-lang/crates.io-index"
checksum = "0c0f9bfd77e6a48eccf51359e3ae77140a7f50b1e2ebfe62422d8afdaffab17a"
dependencies = [
 "anyhow",
 "prettyplease",
 "proc-macro2",
 "quote",
 "syn 2.0.117",
 "wit-bindgen-core",
 "wit-bindgen-rust",
]

[[package]]
name = "wit-component"
version = "0.244.0"
source = "registry+https://github.com/rust-lang/crates.io-index"
checksum = "9d66ea20e9553b30172b5e831994e35fbde2d165325bec84fc43dbf6f4eb9cb2"
dependencies = [
 "anyhow",
 "bitflags",
 "indexmap",
 "log",
 "serde",
 "serde_derive",
 "serde_json",
 "wasm-encoder",
 "wasm-metadata",
 "wasmparser",
 "wit-parser",
]

[[package]]
name = "wit-parser"
version = "0.244.0"
source = "registry+https://github.com/rust-lang/crates.io-index"
checksum = "ecc8ac4bc1dc3381b7f59c34f00b67e18f910c2c0f50015669dde7def656a736"
dependencies = [
 "anyhow",
 "id-arena",
 "indexmap",
 "log",
 "semver",
 "serde",
 "serde_derive",
 "serde_json",
 "unicode-xid",
 "wasmparser",
]

[[package]]
name = "zmij"
version = "1.0.21"
source = "registry+https://github.com/rust-lang/crates.io-index"
checksum = "b8848ee67ecc8aedbaf3e4122217aff892639231befc6a1b58d29fff4c2cabaa"

[[package]]
name = "zune-core"
version = "0.5.3"
source = "registry+https://github.com/rust-lang/crates.io-index"
checksum = "d56377fd46368984a170bc5aac5567e52ca5da874caa60bea39fcbca78fb658b"

[[package]]
name = "zune-jpeg"
version = "0.5.15"
source = "registry+https://github.com/rust-lang/crates.io-index"
checksum = "27bc9d5b815bc103f142aa054f561d9187d191692ec7c2d1e2b4737f8dbd7296"
dependencies = [
 "zune-core",
]
